
Microsoft Visual Studio Solution File, Format Version 12.00
# Visual Studio Version 17
VisualStudioVersion = 17.9.34622.214
MinimumVisualStudioVersion = 10.0.40219.1
Project("{9A19103F-16F7-4668-BE54-9A1E7A4F7556}") = "CNewsProject", "CNewsProject\CNewsProject.csproj", "{598D697C-8861-45DC-82B9-55EDC97704CB}"
EndProject
Project("{9A19103F-16F7-4668-BE54-9A1E7A4F7556}") = "CNewsFunctions", "CNewsFunctions\CNewsFunctions.csproj", "{7D76BC5A-1F88-433D-B73E-30042FC03E83}"
EndProject
Global
	GlobalSection(SolutionConfigurationPlatforms) = preSolution
		Debug|Any CPU = Debug|Any CPU
		Release|Any CPU = Release|Any CPU
	EndGlobalSection
	GlobalSection(ProjectConfigurationPlatforms) = postSolution
		{598D697C-8861-45DC-82B9-55EDC97704CB}.Debug|Any CPU.ActiveCfg = Debug|Any CPU
		{598D697C-8861-45DC-82B9-55EDC97704CB}.Debug|Any CPU.Build.0 = Debug|Any CPU
		{598D697C-8861-45DC-82B9-55EDC97704CB}.Release|Any CPU.ActiveCfg = Release|Any CPU
		{598D697C-8861-45DC-82B9-55EDC97704CB}.Release|Any CPU.Build.0 = Release|Any CPU
		{7D76BC5A-1F88-433D-B73E-30042FC03E83}.Debug|Any CPU.ActiveCfg = Debug|Any CPU
		{7D76BC5A-1F88-433D-B73E-30042FC03E83}.Debug|Any CPU.Build.0 = Debug|Any CPU
		{7D76BC5A-1F88-433D-B73E-30042FC03E83}.Release|Any CPU.ActiveCfg = Release|Any CPU
		{7D76BC5A-1F88-433D-B73E-30042FC03E83}.Release|Any CPU.Build.0 = Release|Any CPU
	EndGlobalSection
	GlobalSection(SolutionProperties) = preSolution
		HideSolutionNode = FALSE
	EndGlobalSection
	GlobalSection(ExtensibilityGlobals) = postSolution
		SolutionGuid = {7EBA1D36-4449-442A-AD90-4692B9F89F06}
	EndGlobalSection
EndGlobal
